
Microsoft Visual Studio Solution File, Format Version 12.00
# Visual Studio Version 16
VisualStudioVersion = 16.0.29025.244
MinimumVisualStudioVersion = 10.0.40219.1
Project("{FAE04EC0-301F-11D3-BF4B-00C04F79EFBC}") = "TrakkerCore", "TrakkerCore\TrakkerCore.csproj", "{A5014867-2704-4AB8-8F9F-46B0020EC427}"
EndProject
Global
	GlobalSection(SolutionConfigurationPlatforms) = preSolution
		Debug|Any CPU = Debug|Any CPU
		Release|Any CPU = Release|Any CPU
	EndGlobalSection
	GlobalSection(ProjectConfigurationPlatforms) = postSolution
		{A5014867-2704-4AB8-8F9F-46B0020EC427}.Debug|Any CPU.ActiveCfg = Debug|Any CPU
		{A5014867-2704-4AB8-8F9F-46B0020EC427}.Debug|Any CPU.Build.0 = Debug|Any CPU
		{A5014867-2704-4AB8-8F9F-46B0020EC427}.Release|Any CPU.ActiveCfg = Release|Any CPU
		{A5014867-2704-4AB8-8F9F-46B0020EC427}.Release|Any CPU.Build.0 = Release|Any CPU
	EndGlobalSection
	GlobalSection(SolutionProperties) = preSolution
		HideSolutionNode = FALSE
	EndGlobalSection
	GlobalSection(ExtensibilityGlobals) = postSolution
		SolutionGuid = {7D424C81-CB78-44F3-8D06-6F94D4894FBD}
	EndGlobalSection
EndGlobal
